
Microsoft Visual Studio Solution File, Format Version 12.00
# Visual Studio Version 16
VisualStudioVersion = 16.0.32413.511
MinimumVisualStudioVersion = 10.0.40219.1
Project("{9A19103F-16F7-4668-BE54-9A1E7A4F7556}") = "CrudConsola", "CrudConsola\CrudConsola.csproj", "{09F92C22-73E9-40CE-AF93-32BCF42ED735}"
EndProject
Project("{9A19103F-16F7-4668-BE54-9A1E7A4F7556}") = "AccesoADatosWinForm", "AccesoADatosWinForm\AccesoADatosWinForm.csproj", "{8B7B8FAB-7885-40EA-A3B4-5292D7CD5B62}"
	ProjectSection(ProjectDependencies) = postProject
		{97571AE4-AE20-4529-A12C-7EAE2C67DD5F} = {97571AE4-AE20-4529-A12C-7EAE2C67DD5F}
	EndProjectSection
EndProject
Project("{9A19103F-16F7-4668-BE54-9A1E7A4F7556}") = "EntidadesNegocio", "EntidadesNegocio\EntidadesNegocio.csproj", "{97571AE4-AE20-4529-A12C-7EAE2C67DD5F}"
EndProject
Project("{FAE04EC0-301F-11D3-BF4B-00C04F79EFBC}") = "UI", "UI\UI.csproj", "{1A1663DE-E884-4B54-A89B-0009E88550A3}"
	ProjectSection(ProjectDependencies) = postProject
		{8B7B8FAB-7885-40EA-A3B4-5292D7CD5B62} = {8B7B8FAB-7885-40EA-A3B4-5292D7CD5B62}
		{97571AE4-AE20-4529-A12C-7EAE2C67DD5F} = {97571AE4-AE20-4529-A12C-7EAE2C67DD5F}
	EndProjectSection
EndProject
Global
	GlobalSection(SolutionConfigurationPlatforms) = preSolution
		Debug|Any CPU = Debug|Any CPU
		Release|Any CPU = Release|Any CPU
	EndGlobalSection
	GlobalSection(ProjectConfigurationPlatforms) = postSolution
		{09F92C22-73E9-40CE-AF93-32BCF42ED735}.Debug|Any CPU.ActiveCfg = Debug|Any CPU
		{09F92C22-73E9-40CE-AF93-32BCF42ED735}.Debug|Any CPU.Build.0 = Debug|Any CPU
		{09F92C22-73E9-40CE-AF93-32BCF42ED735}.Release|Any CPU.ActiveCfg = Release|Any CPU
		{09F92C22-73E9-40CE-AF93-32BCF42ED735}.Release|Any CPU.Build.0 = Release|Any CPU
		{8B7B8FAB-7885-40EA-A3B4-5292D7CD5B62}.Debug|Any CPU.ActiveCfg = Debug|Any CPU
		{8B7B8FAB-7885-40EA-A3B4-5292D7CD5B62}.Debug|Any CPU.Build.0 = Debug|Any CPU
		{8B7B8FAB-7885-40EA-A3B4-5292D7CD5B62}.Release|Any CPU.ActiveCfg = Release|Any CPU
		{8B7B8FAB-7885-40EA-A3B4-5292D7CD5B62}.Release|Any CPU.Build.0 = Release|Any CPU
		{97571AE4-AE20-4529-A12C-7EAE2C67DD5F}.Debug|Any CPU.ActiveCfg = Debug|Any CPU
		{97571AE4-AE20-4529-A12C-7EAE2C67DD5F}.Debug|Any CPU.Build.0 = Debug|Any CPU
		{97571AE4-AE20-4529-A12C-7EAE2C67DD5F}.Release|Any CPU.ActiveCfg = Release|Any CPU
		{97571AE4-AE20-4529-A12C-7EAE2C67DD5F}.Release|Any CPU.Build.0 = Release|Any CPU
		{1A1663DE-E884-4B54-A89B-0009E88550A3}.Debug|Any CPU.ActiveCfg = Debug|Any CPU
		{1A1663DE-E884-4B54-A89B-0009E88550A3}.Debug|Any CPU.Build.0 = Debug|Any CPU
		{1A1663DE-E884-4B54-A89B-0009E88550A3}.Release|Any CPU.ActiveCfg = Release|Any CPU
		{1A1663DE-E884-4B54-A89B-0009E88550A3}.Release|Any CPU.Build.0 = Release|Any CPU
	EndGlobalSection
	GlobalSection(SolutionProperties) = preSolution
		HideSolutionNode = FALSE
	EndGlobalSection
	GlobalSection(ExtensibilityGlobals) = postSolution
		SolutionGuid = {2A9A50A3-082F-4091-A530-9595E5381F80}
	EndGlobalSection
EndGlobal
